
Microsoft Visual Studio Solution File, Format Version 12.00
# Visual Studio Version 17
VisualStudioVersion = 17.10.35013.160
MinimumVisualStudioVersion = 10.0.40219.1
Project("{FAE04EC0-301F-11D3-BF4B-00C04F79EFBC}") = "DAY1", "AdventOfCode\DAY1.csproj", "{4D8BB9E2-EB3A-44EB-B992-DA8DAEB65C0B}"
EndProject
Project("{FAE04EC0-301F-11D3-BF4B-00C04F79EFBC}") = "DAY2", "DAY2\DAY2.csproj", "{753610D1-D9D9-4489-87CA-258E0B04F7E5}"
EndProject
Project("{FAE04EC0-301F-11D3-BF4B-00C04F79EFBC}") = "DAY3", "DAY3\DAY3.csproj", "{6911328A-619F-41B6-947D-ABE282BDCBD8}"
EndProject
Project("{FAE04EC0-301F-11D3-BF4B-00C04F79EFBC}") = "DAY4", "DAY4\DAY4.csproj", "{075576B6-869C-4FDC-9393-43E183D1DE63}"
EndProject
Project("{FAE04EC0-301F-11D3-BF4B-00C04F79EFBC}") = "DAY5", "DAY5\DAY5.csproj", "{B32AD773-6A8C-4B05-984E-B13BD58FAFB2}"
EndProject
Project("{FAE04EC0-301F-11D3-BF4B-00C04F79EFBC}") = "DAY6", "DAY6\DAY6.csproj", "{C12B28BC-63AE-47C7-84D8-7518511109D6}"
EndProject
Project("{FAE04EC0-301F-11D3-BF4B-00C04F79EFBC}") = "DAY7", "DAY7\DAY7.csproj", "{1B2E891B-393C-455E-863F-2E18DE81A7CA}"
EndProject
Project("{FAE04EC0-301F-11D3-BF4B-00C04F79EFBC}") = "DAY8", "DAY8\DAY8.csproj", "{0BA993D7-A7B7-4C65-BD7F-98A11B6FFE4A}"
EndProject
Project("{FAE04EC0-301F-11D3-BF4B-00C04F79EFBC}") = "DAY9", "DAY9\DAY9.csproj", "{2998AEC6-BBA3-4D73-BF30-ACF14642F384}"
EndProject
Global
	GlobalSection(SolutionConfigurationPlatforms) = preSolution
		Debug|Any CPU = Debug|Any CPU
		Release|Any CPU = Release|Any CPU
	EndGlobalSection
	GlobalSection(ProjectConfigurationPlatforms) = postSolution
		{4D8BB9E2-EB3A-44EB-B992-DA8DAEB65C0B}.Debug|Any CPU.ActiveCfg = Debug|Any CPU
		{4D8BB9E2-EB3A-44EB-B992-DA8DAEB65C0B}.Debug|Any CPU.Build.0 = Debug|Any CPU
		{4D8BB9E2-EB3A-44EB-B992-DA8DAEB65C0B}.Release|Any CPU.ActiveCfg = Release|Any CPU
		{4D8BB9E2-EB3A-44EB-B992-DA8DAEB65C0B}.Release|Any CPU.Build.0 = Release|Any CPU
		{753610D1-D9D9-4489-87CA-258E0B04F7E5}.Debug|Any CPU.ActiveCfg = Debug|Any CPU
		{753610D1-D9D9-4489-87CA-258E0B04F7E5}.Debug|Any CPU.Build.0 = Debug|Any CPU
		{753610D1-D9D9-4489-87CA-258E0B04F7E5}.Release|Any CPU.ActiveCfg = Release|Any CPU
		{753610D1-D9D9-4489-87CA-258E0B04F7E5}.Release|Any CPU.Build.0 = Release|Any CPU
		{6911328A-619F-41B6-947D-ABE282BDCBD8}.Debug|Any CPU.ActiveCfg = Debug|Any CPU
		{6911328A-619F-41B6-947D-ABE282BDCBD8}.Debug|Any CPU.Build.0 = Debug|Any CPU
		{6911328A-619F-41B6-947D-ABE282BDCBD8}.Release|Any CPU.ActiveCfg = Release|Any CPU
		{6911328A-619F-41B6-947D-ABE282BDCBD8}.Release|Any CPU.Build.0 = Release|Any CPU
		{075576B6-869C-4FDC-9393-43E183D1DE63}.Debug|Any CPU.ActiveCfg = Debug|Any CPU
		{075576B6-869C-4FDC-9393-43E183D1DE63}.Debug|Any CPU.Build.0 = Debug|Any CPU
		{075576B6-869C-4FDC-9393-43E183D1DE63}.Release|Any CPU.ActiveCfg = Release|Any CPU
		{075576B6-869C-4FDC-9393-43E183D1DE63}.Release|Any CPU.Build.0 = Release|Any CPU
		{B32AD773-6A8C-4B05-984E-B13BD58FAFB2}.Debug|Any CPU.ActiveCfg = Debug|Any CPU
		{B32AD773-6A8C-4B05-984E-B13BD58FAFB2}.Debug|Any CPU.Build.0 = Debug|Any CPU
		{B32AD773-6A8C-4B05-984E-B13BD58FAFB2}.Release|Any CPU.ActiveCfg = Release|Any CPU
		{B32AD773-6A8C-4B05-984E-B13BD58FAFB2}.Release|Any CPU.Build.0 = Release|Any CPU
		{C12B28BC-63AE-47C7-84D8-7518511109D6}.Debug|Any CPU.ActiveCfg = Debug|Any CPU
		{C12B28BC-63AE-47C7-84D8-7518511109D6}.Debug|Any CPU.Build.0 = Debug|Any CPU
		{C12B28BC-63AE-47C7-84D8-7518511109D6}.Release|Any CPU.ActiveCfg = Release|Any CPU
		{C12B28BC-63AE-47C7-84D8-7518511109D6}.Release|Any CPU.Build.0 = Release|Any CPU
		{1B2E891B-393C-455E-863F-2E18DE81A7CA}.Debug|Any CPU.ActiveCfg = Debug|Any CPU
		{1B2E891B-393C-455E-863F-2E18DE81A7CA}.Debug|Any CPU.Build.0 = Debug|Any CPU
		{1B2E891B-393C-455E-863F-2E18DE81A7CA}.Release|Any CPU.ActiveCfg = Release|Any CPU
		{1B2E891B-393C-455E-863F-2E18DE81A7CA}.Release|Any CPU.Build.0 = Release|Any CPU
		{0BA993D7-A7B7-4C65-BD7F-98A11B6FFE4A}.Debug|Any CPU.ActiveCfg = Debug|Any CPU
		{0BA993D7-A7B7-4C65-BD7F-98A11B6FFE4A}.Debug|Any CPU.Build.0 = Debug|Any CPU
		{0BA993D7-A7B7-4C65-BD7F-98A11B6FFE4A}.Release|Any CPU.ActiveCfg = Release|Any CPU
		{0BA993D7-A7B7-4C65-BD7F-98A11B6FFE4A}.Release|Any CPU.Build.0 = Release|Any CPU
		{2998AEC6-BBA3-4D73-BF30-ACF14642F384}.Debug|Any CPU.ActiveCfg = Debug|Any CPU
		{2998AEC6-BBA3-4D73-BF30-ACF14642F384}.Debug|Any CPU.Build.0 = Debug|Any CPU
		{2998AEC6-BBA3-4D73-BF30-ACF14642F384}.Release|Any CPU.ActiveCfg = Release|Any CPU
		{2998AEC6-BBA3-4D73-BF30-ACF14642F384}.Release|Any CPU.Build.0 = Release|Any CPU
	EndGlobalSection
	GlobalSection(SolutionProperties) = preSolution
		HideSolutionNode = FALSE
	EndGlobalSection
	GlobalSection(ExtensibilityGlobals) = postSolution
		SolutionGuid = {AC8135B7-2782-44B6-9F42-114723238E09}
	EndGlobalSection
EndGlobal
